
Microsoft Visual Studio Solution File, Format Version 12.00
# Visual Studio Version 17
VisualStudioVersion = 17.11.35222.181
MinimumVisualStudioVersion = 10.0.40219.1
Project("{FAE04EC0-301F-11D3-BF4B-00C04F79EFBC}") = "Pinger", "Pinger\Pinger.csproj", "{4EC0A3A8-477A-4CFC-9D4D-50FA20F27C3E}"
EndProject
Global
	GlobalSection(SolutionConfigurationPlatforms) = preSolution
		Debug|Any CPU = Debug|Any CPU
		Release|Any CPU = Release|Any CPU
	EndGlobalSection
	GlobalSection(ProjectConfigurationPlatforms) = postSolution
		{4EC0A3A8-477A-4CFC-9D4D-50FA20F27C3E}.Debug|Any CPU.ActiveCfg = Debug|Any CPU
		{4EC0A3A8-477A-4CFC-9D4D-50FA20F27C3E}.Debug|Any CPU.Build.0 = Debug|Any CPU
		{4EC0A3A8-477A-4CFC-9D4D-50FA20F27C3E}.Release|Any CPU.ActiveCfg = Release|Any CPU
		{4EC0A3A8-477A-4CFC-9D4D-50FA20F27C3E}.Release|Any CPU.Build.0 = Release|Any CPU
	EndGlobalSection
	GlobalSection(SolutionProperties) = preSolution
		HideSolutionNode = FALSE
	EndGlobalSection
	GlobalSection(ExtensibilityGlobals) = postSolution
		SolutionGuid = {27DA11FF-1C04-417E-9C99-896A5D7C9FDA}
	EndGlobalSection
EndGlobal
